
Microsoft Visual Studio Solution File, Format Version 12.00
# Visual Studio Version 17
VisualStudioVersion = 17.0.31912.275
MinimumVisualStudioVersion = 10.0.40219.1
Project("{9A19103F-16F7-4668-BE54-9A1E7A4F7556}") = "Scripts", "Scripts.csproj", "{E9832232-BDC3-4813-8A12-E40244A863C4}"
EndProject
Global
	GlobalSection(SolutionConfigurationPlatforms) = preSolution
		Debug|x64 = Debug|x64
	EndGlobalSection
	GlobalSection(ProjectConfigurationPlatforms) = postSolution
		{E9832232-BDC3-4813-8A12-E40244A863C4}.Debug|x64.ActiveCfg = Debug|x64
		{E9832232-BDC3-4813-8A12-E40244A863C4}.Debug|x64.Build.0 = Debug|x64
	EndGlobalSection
	GlobalSection(SolutionProperties) = preSolution
		HideSolutionNode = FALSE
	EndGlobalSection
	GlobalSection(ExtensibilityGlobals) = postSolution
		SolutionGuid = {7ABEFAB8-410D-4F0A-8D8D-B6ACEDEEBF7F}
	EndGlobalSection
EndGlobal
